{
  "nodes": {
    "flake-utils": {
      "locked": {
        "lastModified": 1652776076,
        "narHash": "sha256-gzTw/v1vj4dOVbpBSJX4J0DwUR6LIyXo7/SuuTJp1kM=",
        "owner": "numtide",
        "repo": "flake-utils",
        "rev": "04c1b180862888302ddfb2e3ad9eaa63afc60cf8",
        "type": "github"
      },
      "original": {
        "owner": "numtide",
        "ref": "v1.0.0",
        "repo": "flake-utils",
        "type": "github"
      }
    },
    "nixos": {
      "locked": {
        "lastModified": 1701540982,
        "narHash": "sha256-5ajSy6ODgGmAbmymRdHnjfVnuVrACjI8wXoGVvrtvww=",
        "owner": "NixOS",
        "repo": "nixpkgs",
        "rev": "6386d8aafc28b3a7ed03880a57bdc6eb4465491d",
        "type": "github"
      },
      "original": {
        "owner": "NixOS",
        "ref": "nixos-23.05",
        "repo": "nixpkgs",
        "type": "github"
      }
    },
    "pythoneda-shared-artifact-events": {
      "inputs": {
        "flake-utils": [
          "pythoneda-shared-pythoneda-application",
          "pythoneda-shared-artifact-shared",
          "flake-utils"
        ],
        "nixos": [
          "pythoneda-shared-pythoneda-application",
          "pythoneda-shared-artifact-shared",
          "nixos"
        ],
        "pythoneda-shared-pythoneda-banner": [
          "pythoneda-shared-pythoneda-application",
          "pythoneda-shared-artifact-shared",
          "pythoneda-shared-pythoneda-banner"
        ],
        "pythoneda-shared-pythoneda-domain": [
          "pythoneda-shared-pythoneda-application",
          "pythoneda-shared-artifact-shared",
          "pythoneda-shared-pythoneda-domain"
        ]
      },
      "locked": {
        "lastModified": 1701849617,
        "narHash": "sha256-3KIp015O8ACFu+fpi1m3stY2mOMlGsWzqz+PvGRctYE=",
        "owner": "pythoneda-shared-artifact-def",
        "repo": "events",
        "rev": "88dc70ae9356afd7eb9e886513249a1d64846822",
        "type": "github"
      },
      "original": {
        "owner": "pythoneda-shared-artifact-def",
        "ref": "0.0.15",
        "repo": "events",
        "type": "github"
      }
    },
    "pythoneda-shared-artifact-shared": {
      "inputs": {
        "flake-utils": [
          "pythoneda-shared-pythoneda-application",
          "flake-utils"
        ],
        "nixos": [
          "pythoneda-shared-pythoneda-application",
          "nixos"
        ],
        "pythoneda-shared-artifact-events": "pythoneda-shared-artifact-events",
        "pythoneda-shared-git-shared": "pythoneda-shared-git-shared_2",
        "pythoneda-shared-nix-flake-shared": "pythoneda-shared-nix-flake-shared_2",
        "pythoneda-shared-pythoneda-banner": [
          "pythoneda-shared-pythoneda-application",
          "pythoneda-shared-pythoneda-banner"
        ],
        "pythoneda-shared-pythoneda-domain": [
          "pythoneda-shared-pythoneda-application",
          "pythoneda-shared-pythoneda-domain"
        ]
      },
      "locked": {
        "lastModified": 1701849811,
        "narHash": "sha256-zn16oagq55q2ZZ+k/2NWbnT/J4DgOeNM48AHX7ZgRBk=",
        "owner": "pythoneda-shared-artifact-def",
        "repo": "shared",
        "rev": "41196e8d469ed5b7f699e197b0a9044c84d20703",
        "type": "github"
      },
      "original": {
        "owner": "pythoneda-shared-artifact-def",
        "ref": "0.0.20",
        "repo": "shared",
        "type": "github"
      }
    },
    "pythoneda-shared-git-shared": {
      "inputs": {
        "flake-utils": [
          "pythoneda-shared-nix-flake-shared",
          "flake-utils"
        ],
        "nixos": [
          "pythoneda-shared-nix-flake-shared",
          "nixos"
        ],
        "pythoneda-shared-pythoneda-banner": [
          "pythoneda-shared-nix-flake-shared",
          "pythoneda-shared-pythoneda-banner"
        ],
        "pythoneda-shared-pythoneda-domain": [
          "pythoneda-shared-nix-flake-shared",
          "pythoneda-shared-pythoneda-domain"
        ]
      },
      "locked": {
        "lastModified": 1701849709,
        "narHash": "sha256-Y5dmqyg/OpvyfEGyggGx8/1nsoWJdPzVKJwpOdX/y5w=",
        "owner": "pythoneda-shared-git-def",
        "repo": "shared",
        "rev": "7ab899b8cdfda32ac448a644dc9224253fa52686",
        "type": "github"
      },
      "original": {
        "owner": "pythoneda-shared-git-def",
        "ref": "0.0.15",
        "repo": "shared",
        "type": "github"
      }
    },
    "pythoneda-shared-git-shared_2": {
      "inputs": {
        "flake-utils": [
          "pythoneda-shared-pythoneda-application",
          "pythoneda-shared-artifact-shared",
          "flake-utils"
        ],
        "nixos": [
          "pythoneda-shared-pythoneda-application",
          "pythoneda-shared-artifact-shared",
          "nixos"
        ],
        "pythoneda-shared-pythoneda-banner": [
          "pythoneda-shared-pythoneda-application",
          "pythoneda-shared-artifact-shared",
          "pythoneda-shared-pythoneda-banner"
        ],
        "pythoneda-shared-pythoneda-domain": [
          "pythoneda-shared-pythoneda-application",
          "pythoneda-shared-artifact-shared",
          "pythoneda-shared-pythoneda-domain"
        ]
      },
      "locked": {
        "lastModified": 1701849709,
        "narHash": "sha256-Y5dmqyg/OpvyfEGyggGx8/1nsoWJdPzVKJwpOdX/y5w=",
        "owner": "pythoneda-shared-git-def",
        "repo": "shared",
        "rev": "7ab899b8cdfda32ac448a644dc9224253fa52686",
        "type": "github"
      },
      "original": {
        "owner": "pythoneda-shared-git-def",
        "ref": "0.0.15",
        "repo": "shared",
        "type": "github"
      }
    },
    "pythoneda-shared-git-shared_3": {
      "inputs": {
        "flake-utils": [
          "pythoneda-shared-pythoneda-application",
          "pythoneda-shared-artifact-shared",
          "pythoneda-shared-nix-flake-shared",
          "flake-utils"
        ],
        "nixos": [
          "pythoneda-shared-pythoneda-application",
          "pythoneda-shared-artifact-shared",
          "pythoneda-shared-nix-flake-shared",
          "nixos"
        ],
        "pythoneda-shared-pythoneda-banner": [
          "pythoneda-shared-pythoneda-application",
          "pythoneda-shared-artifact-shared",
          "pythoneda-shared-nix-flake-shared",
          "pythoneda-shared-pythoneda-banner"
        ],
        "pythoneda-shared-pythoneda-domain": [
          "pythoneda-shared-pythoneda-application",
          "pythoneda-shared-artifact-shared",
          "pythoneda-shared-nix-flake-shared",
          "pythoneda-shared-pythoneda-domain"
        ]
      },
      "locked": {
        "lastModified": 1701849709,
        "narHash": "sha256-Y5dmqyg/OpvyfEGyggGx8/1nsoWJdPzVKJwpOdX/y5w=",
        "owner": "pythoneda-shared-git-def",
        "repo": "shared",
        "rev": "7ab899b8cdfda32ac448a644dc9224253fa52686",
        "type": "github"
      },
      "original": {
        "owner": "pythoneda-shared-git-def",
        "ref": "0.0.15",
        "repo": "shared",
        "type": "github"
      }
    },
    "pythoneda-shared-nix-flake-shared": {
      "inputs": {
        "flake-utils": [
          "flake-utils"
        ],
        "nixos": [
          "nixos"
        ],
        "pythoneda-shared-git-shared": "pythoneda-shared-git-shared",
        "pythoneda-shared-pythoneda-banner": [
          "pythoneda-shared-pythoneda-banner"
        ],
        "pythoneda-shared-pythoneda-domain": [
          "pythoneda-shared-pythoneda-domain"
        ],
        "stringtemplate3": "stringtemplate3"
      },
      "locked": {
        "lastModified": 1701849757,
        "narHash": "sha256-zeONJbHbdHsf+2PJ9XrtfdZxdffcfqOkkFL/qG8x9cg=",
        "owner": "pythoneda-shared-nix-flake-def",
        "repo": "shared",
        "rev": "2ca31f0aaea0b19707a6ae2e1d0b850937221d04",
        "type": "github"
      },
      "original": {
        "owner": "pythoneda-shared-nix-flake-def",
        "ref": "0.0.16",
        "repo": "shared",
        "type": "github"
      }
    },
    "pythoneda-shared-nix-flake-shared_2": {
      "inputs": {
        "flake-utils": [
          "pythoneda-shared-pythoneda-application",
          "pythoneda-shared-artifact-shared",
          "flake-utils"
        ],
        "nixos": [
          "pythoneda-shared-pythoneda-application",
          "pythoneda-shared-artifact-shared",
          "nixos"
        ],
        "pythoneda-shared-git-shared": "pythoneda-shared-git-shared_3",
        "pythoneda-shared-pythoneda-banner": [
          "pythoneda-shared-pythoneda-application",
          "pythoneda-shared-artifact-shared",
          "pythoneda-shared-pythoneda-banner"
        ],
        "pythoneda-shared-pythoneda-domain": [
          "pythoneda-shared-pythoneda-application",
          "pythoneda-shared-artifact-shared",
          "pythoneda-shared-pythoneda-domain"
        ],
        "stringtemplate3": "stringtemplate3_2"
      },
      "locked": {
        "lastModified": 1701849757,
        "narHash": "sha256-zeONJbHbdHsf+2PJ9XrtfdZxdffcfqOkkFL/qG8x9cg=",
        "owner": "pythoneda-shared-nix-flake-def",
        "repo": "shared",
        "rev": "2ca31f0aaea0b19707a6ae2e1d0b850937221d04",
        "type": "github"
      },
      "original": {
        "owner": "pythoneda-shared-nix-flake-def",
        "ref": "0.0.16",
        "repo": "shared",
        "type": "github"
      }
    },
    "pythoneda-shared-pythoneda-application": {
      "inputs": {
        "flake-utils": [
          "flake-utils"
        ],
        "nixos": [
          "nixos"
        ],
        "pythoneda-shared-artifact-shared": "pythoneda-shared-artifact-shared",
        "pythoneda-shared-pythoneda-banner": [
          "pythoneda-shared-pythoneda-banner"
        ],
        "pythoneda-shared-pythoneda-domain": [
          "pythoneda-shared-pythoneda-domain"
        ],
        "pythoneda-shared-pythoneda-infrastructure": "pythoneda-shared-pythoneda-infrastructure"
      },
      "locked": {
        "lastModified": 1701849857,
        "narHash": "sha256-CRCnXgZl1v0uHCnC8KS4gRGMGCzVesH6v+HBpnFrJHk=",
        "owner": "pythoneda-shared-pythoneda-def",
        "repo": "application",
        "rev": "ca6bc978b6792228ba99bde4d9328338462024b4",
        "type": "github"
      },
      "original": {
        "owner": "pythoneda-shared-pythoneda-def",
        "ref": "0.0.24",
        "repo": "application",
        "type": "github"
      }
    },
    "pythoneda-shared-pythoneda-banner": {
      "inputs": {
        "flake-utils": [
          "flake-utils"
        ],
        "nixos": [
          "nixos"
        ]
      },
      "locked": {
        "lastModified": 1701846624,
        "narHash": "sha256-vKhwrW7mKuYtppsyspoNg3GKpKSNEJj5EOlq8vk2Lb0=",
        "owner": "pythoneda-shared-pythoneda-def",
        "repo": "banner",
        "rev": "551dbd0af356d896834cc2292425bf745a2b534c",
        "type": "github"
      },
      "original": {
        "owner": "pythoneda-shared-pythoneda-def",
        "ref": "0.0.35",
        "repo": "banner",
        "type": "github"
      }
    },
    "pythoneda-shared-pythoneda-domain": {
      "inputs": {
        "flake-utils": [
          "flake-utils"
        ],
        "nixos": [
          "nixos"
        ],
        "pythoneda-shared-pythoneda-banner": [
          "pythoneda-shared-pythoneda-banner"
        ]
      },
      "locked": {
        "lastModified": 1701849526,
        "narHash": "sha256-GIW4JIKqFsUVtKCwgm/TnNkTy1UYUoN9hC3OJmwN1Sg=",
        "owner": "pythoneda-shared-pythoneda-def",
        "repo": "domain",
        "rev": "92368cbd82e340fc5a718c715092a5ce2e96b773",
        "type": "github"
      },
      "original": {
        "owner": "pythoneda-shared-pythoneda-def",
        "ref": "0.0.9",
        "repo": "domain",
        "type": "github"
      }
    },
    "pythoneda-shared-pythoneda-infrastructure": {
      "inputs": {
        "flake-utils": [
          "pythoneda-shared-pythoneda-application",
          "flake-utils"
        ],
        "nixos": [
          "pythoneda-shared-pythoneda-application",
          "nixos"
        ],
        "pythoneda-shared-pythoneda-banner": [
          "pythoneda-shared-pythoneda-application",
          "pythoneda-shared-pythoneda-banner"
        ],
        "pythoneda-shared-pythoneda-domain": [
          "pythoneda-shared-pythoneda-application",
          "pythoneda-shared-pythoneda-domain"
        ]
      },
      "locked": {
        "lastModified": 1701849570,
        "narHash": "sha256-TVamX0/Bk7Gc8vJrT3KIVFCfz8H7Iy8fgZHPkc6AgCA=",
        "owner": "pythoneda-shared-pythoneda-def",
        "repo": "infrastructure",
        "rev": "2f36a54b1610a3e64bf840c606a11a1cc0a09049",
        "type": "github"
      },
      "original": {
        "owner": "pythoneda-shared-pythoneda-def",
        "ref": "0.0.8",
        "repo": "infrastructure",
        "type": "github"
      }
    },
    "root": {
      "inputs": {
        "flake-utils": "flake-utils",
        "nixos": "nixos",
        "pythoneda-shared-nix-flake-shared": "pythoneda-shared-nix-flake-shared",
        "pythoneda-shared-pythoneda-application": "pythoneda-shared-pythoneda-application",
        "pythoneda-shared-pythoneda-banner": "pythoneda-shared-pythoneda-banner",
        "pythoneda-shared-pythoneda-domain": "pythoneda-shared-pythoneda-domain"
      }
    },
    "stringtemplate3": {
      "inputs": {
        "flake-utils": [
          "pythoneda-shared-nix-flake-shared",
          "flake-utils"
        ],
        "nixos": [
          "pythoneda-shared-nix-flake-shared",
          "nixos"
        ]
      },
      "locked": {
        "dir": "stringtemplate3",
        "lastModified": 1695028695,
        "narHash": "sha256-nEyAQq8IJ8Cn8Rnf0jOqfhQ9ya6qtbmf5vuhsDN+KKw=",
        "owner": "rydnr",
        "repo": "nix-flakes",
        "rev": "81e0f7168b7d949c1e1f85897645cba7be7f325c",
        "type": "github"
      },
      "original": {
        "dir": "stringtemplate3",
        "owner": "rydnr",
        "ref": "stringtemplate3-3.1",
        "repo": "nix-flakes",
        "type": "github"
      }
    },
    "stringtemplate3_2": {
      "inputs": {
        "flake-utils": [
          "pythoneda-shared-pythoneda-application",
          "pythoneda-shared-artifact-shared",
          "pythoneda-shared-nix-flake-shared",
          "flake-utils"
        ],
        "nixos": [
          "pythoneda-shared-pythoneda-application",
          "pythoneda-shared-artifact-shared",
          "pythoneda-shared-nix-flake-shared",
          "nixos"
        ]
      },
      "locked": {
        "dir": "stringtemplate3",
        "lastModified": 1695028695,
        "narHash": "sha256-nEyAQq8IJ8Cn8Rnf0jOqfhQ9ya6qtbmf5vuhsDN+KKw=",
        "owner": "rydnr",
        "repo": "nix-flakes",
        "rev": "81e0f7168b7d949c1e1f85897645cba7be7f325c",
        "type": "github"
      },
      "original": {
        "dir": "stringtemplate3",
        "owner": "rydnr",
        "ref": "stringtemplate3-3.1",
        "repo": "nix-flakes",
        "type": "github"
      }
    }
  },
  "root": "root",
  "version": 7
}
